
Microsoft Visual Studio Solution File, Format Version 12.00
# Visual Studio Version 17
VisualStudioVersion = 17.1.32210.238
MinimumVisualStudioVersion = 10.0.40219.1
Project("{9A19103F-16F7-4668-BE54-9A1E7A4F7556}") = "UrlPrettyPrint", "UrlPrettyPrint\UrlPrettyPrint.csproj", "{2527C442-45E6-4E4E-A436-E561F6C24267}"
EndProject
Global
	GlobalSection(SolutionConfigurationPlatforms) = preSolution
		Debug|Any CPU = Debug|Any CPU
		Release|Any CPU = Release|Any CPU
	EndGlobalSection
	GlobalSection(ProjectConfigurationPlatforms) = postSolution
		{2527C442-45E6-4E4E-A436-E561F6C24267}.Debug|Any CPU.ActiveCfg = Debug|Any CPU
		{2527C442-45E6-4E4E-A436-E561F6C24267}.Debug|Any CPU.Build.0 = Debug|Any CPU
		{2527C442-45E6-4E4E-A436-E561F6C24267}.Release|Any CPU.ActiveCfg = Release|Any CPU
		{2527C442-45E6-4E4E-A436-E561F6C24267}.Release|Any CPU.Build.0 = Release|Any CPU
	EndGlobalSection
	GlobalSection(SolutionProperties) = preSolution
		HideSolutionNode = FALSE
	EndGlobalSection
	GlobalSection(ExtensibilityGlobals) = postSolution
		SolutionGuid = {B38CA405-C5B1-4341-A22B-AF3E164418F3}
	EndGlobalSection
EndGlobal
